// !$*UTF8*$!
{
	archiveVersion = 1;
	classes = {
	};
	objectVersion = 55;
	objects = {

/* Begin PBXBuildFile section */
		12CA7968A129421D6DDD3DF3 /* Pods_Stravaganza.framework in Frameworks */ = {isa = PBXBuildFile; fileRef = 9EC3A80F5BEA7DF7BE4E2B8E /* Pods_Stravaganza.framework */; };
		3E2CD73728F44332005EF22C /* ProgressTableViewController.swift in Sources */ = {isa = PBXBuildFile; fileRef = 3E2CD73628F44332005EF22C /* ProgressTableViewController.swift */; };
		3E2CD73928F443F0005EF22C /* RideBaseViewController.swift in Sources */ = {isa = PBXBuildFile; fileRef = 3E2CD73828F443F0005EF22C /* RideBaseViewController.swift */; };
		3E2CD73D28F5866C005EF22C /* RideTimerView.swift in Sources */ = {isa = PBXBuildFile; fileRef = 3E2CD73C28F5866C005EF22C /* RideTimerView.swift */; };
		3E2CD73F28F59EC3005EF22C /* UIColor+Utils.swift in Sources */ = {isa = PBXBuildFile; fileRef = 3E2CD73E28F59EC3005EF22C /* UIColor+Utils.swift */; };
		3ECE81F928F0A51200DAE3E8 /* AppDelegate.swift in Sources */ = {isa = PBXBuildFile; fileRef = 3ECE81F828F0A51200DAE3E8 /* AppDelegate.swift */; };
		3ECE81FB28F0A51200DAE3E8 /* SceneDelegate.swift in Sources */ = {isa = PBXBuildFile; fileRef = 3ECE81FA28F0A51200DAE3E8 /* SceneDelegate.swift */; };
		3ECE820228F0A51400DAE3E8 /* Assets.xcassets in Resources */ = {isa = PBXBuildFile; fileRef = 3ECE820128F0A51400DAE3E8 /* Assets.xcassets */; };
		3ECE820528F0A51400DAE3E8 /* LaunchScreen.storyboard in Resources */ = {isa = PBXBuildFile; fileRef = 3ECE820328F0A51400DAE3E8 /* LaunchScreen.storyboard */; };
		3ECE821028F0A51400DAE3E8 /* StravaganzaTests.swift in Sources */ = {isa = PBXBuildFile; fileRef = 3ECE820F28F0A51400DAE3E8 /* StravaganzaTests.swift */; };
		3ECE822928F0AA5F00DAE3E8 /* OnboardingPageViewController.swift in Sources */ = {isa = PBXBuildFile; fileRef = 3ECE822828F0AA5F00DAE3E8 /* OnboardingPageViewController.swift */; };
		3ED1C53528F0E77A00848DEE /* OnboardingBaseViewController.swift in Sources */ = {isa = PBXBuildFile; fileRef = 3ED1C53428F0E77A00848DEE /* OnboardingBaseViewController.swift */; };
		3ED1C53728F0E87700848DEE /* OnboardingViewModel.swift in Sources */ = {isa = PBXBuildFile; fileRef = 3ED1C53628F0E87700848DEE /* OnboardingViewModel.swift */; };
		3ED1C54028F0FA8100848DEE /* UIFont+Utils.swift in Sources */ = {isa = PBXBuildFile; fileRef = 3ED1C53F28F0FA8100848DEE /* UIFont+Utils.swift */; };
		3ED1C54228F0FB1E00848DEE /* Abel-Regular.ttf in Resources */ = {isa = PBXBuildFile; fileRef = 3ED1C54128F0FB1E00848DEE /* Abel-Regular.ttf */; };
		3ED1C54828F373BE00848DEE /* RideTabBarViewController.swift in Sources */ = {isa = PBXBuildFile; fileRef = 3ED1C54728F373BE00848DEE /* RideTabBarViewController.swift */; };
		6F760BB463940C16D28002AF /* Pods_Stravaganza_StravaganzaUITests.framework in Frameworks */ = {isa = PBXBuildFile; fileRef = B59BF62C7B1C77DDAE9798DE /* Pods_Stravaganza_StravaganzaUITests.framework */; };
		8F63A197529C91B93BA3083B /* Pods_StravaganzaTests.framework in Frameworks */ = {isa = PBXBuildFile; fileRef = 2DE3F4763A77D34F638EBB8E /* Pods_StravaganzaTests.framework */; };
/* End PBXBuildFile section */

/* Begin PBXContainerItemProxy section */
		3ECE820C28F0A51400DAE3E8 /* PBXContainerItemProxy */ = {
			isa = PBXContainerItemProxy;
			containerPortal = 3ECE81ED28F0A51200DAE3E8 /* Project object */;
			proxyType = 1;
			remoteGlobalIDString = 3ECE81F428F0A51200DAE3E8;
			remoteInfo = Stravaganza;
		};
		3ECE821628F0A51400DAE3E8 /* PBXContainerItemProxy */ = {
			isa = PBXContainerItemProxy;
			containerPortal = 3ECE81ED28F0A51200DAE3E8 /* Project object */;
			proxyType = 1;
			remoteGlobalIDString = 3ECE81F428F0A51200DAE3E8;
			remoteInfo = Stravaganza;
		};
/* End PBXContainerItemProxy section */

/* Begin PBXFileReference section */
		2DE3F4763A77D34F638EBB8E /* Pods_StravaganzaTests.framework */ = {isa = PBXFileReference; explicitFileType = wrapper.framework; includeInIndex = 0; path = Pods_StravaganzaTests.framework; sourceTree = BUILT_PRODUCTS_DIR; };
		3629D7618D37A2019B9A4DEF /* Pods-Stravaganza.debug.xcconfig */ = {isa = PBXFileReference; includeInIndex = 1; lastKnownFileType = text.xcconfig; name = "Pods-Stravaganza.debug.xcconfig"; path = "Target Support Files/Pods-Stravaganza/Pods-Stravaganza.debug.xcconfig"; sourceTree = "<group>"; };
		3E2CD73628F44332005EF22C /* ProgressTableViewController.swift */ = {isa = PBXFileReference; lastKnownFileType = sourcecode.swift; path = ProgressTableViewController.swift; sourceTree = "<group>"; };
		3E2CD73828F443F0005EF22C /* RideBaseViewController.swift */ = {isa = PBXFileReference; lastKnownFileType = sourcecode.swift; path = RideBaseViewController.swift; sourceTree = "<group>"; };
		3E2CD73C28F5866C005EF22C /* RideTimerView.swift */ = {isa = PBXFileReference; lastKnownFileType = sourcecode.swift; path = RideTimerView.swift; sourceTree = "<group>"; };
		3E2CD73E28F59EC3005EF22C /* UIColor+Utils.swift */ = {isa = PBXFileReference; lastKnownFileType = sourcecode.swift; path = "UIColor+Utils.swift"; sourceTree = "<group>"; };
		3ECE81F528F0A51200DAE3E8 /* Stravaganza.app */ = {isa = PBXFileReference; explicitFileType = wrapper.application; includeInIndex = 0; path = Stravaganza.app; sourceTree = BUILT_PRODUCTS_DIR; };
		3ECE81F828F0A51200DAE3E8 /* AppDelegate.swift */ = {isa = PBXFileReference; lastKnownFileType = sourcecode.swift; path = AppDelegate.swift; sourceTree = "<group>"; };
		3ECE81FA28F0A51200DAE3E8 /* SceneDelegate.swift */ = {isa = PBXFileReference; lastKnownFileType = sourcecode.swift; path = SceneDelegate.swift; sourceTree = "<group>"; };
		3ECE820128F0A51400DAE3E8 /* Assets.xcassets */ = {isa = PBXFileReference; lastKnownFileType = folder.assetcatalog; path = Assets.xcassets; sourceTree = "<group>"; };
		3ECE820428F0A51400DAE3E8 /* Base */ = {isa = PBXFileReference; lastKnownFileType = file.storyboard; name = Base; path = Base.lproj/LaunchScreen.storyboard; sourceTree = "<group>"; };
		3ECE820628F0A51400DAE3E8 /* Info.plist */ = {isa = PBXFileReference; lastKnownFileType = text.plist.xml; path = Info.plist; sourceTree = "<group>"; };
		3ECE820B28F0A51400DAE3E8 /* StravaganzaTests.xctest */ = {isa = PBXFileReference; explicitFileType = wrapper.cfbundle; includeInIndex = 0; path = StravaganzaTests.xctest; sourceTree = BUILT_PRODUCTS_DIR; };
		3ECE820F28F0A51400DAE3E8 /* StravaganzaTests.swift */ = {isa = PBXFileReference; lastKnownFileType = sourcecode.swift; path = StravaganzaTests.swift; sourceTree = "<group>"; };
		3ECE821528F0A51400DAE3E8 /* StravaganzaUITests.xctest */ = {isa = PBXFileReference; explicitFileType = wrapper.cfbundle; includeInIndex = 0; path = StravaganzaUITests.xctest; sourceTree = BUILT_PRODUCTS_DIR; };
		3ECE822828F0AA5F00DAE3E8 /* OnboardingPageViewController.swift */ = {isa = PBXFileReference; lastKnownFileType = sourcecode.swift; path = OnboardingPageViewController.swift; sourceTree = "<group>"; };
		3ED1C53428F0E77A00848DEE /* OnboardingBaseViewController.swift */ = {isa = PBXFileReference; lastKnownFileType = sourcecode.swift; path = OnboardingBaseViewController.swift; sourceTree = "<group>"; };
		3ED1C53628F0E87700848DEE /* OnboardingViewModel.swift */ = {isa = PBXFileReference; lastKnownFileType = sourcecode.swift; path = OnboardingViewModel.swift; sourceTree = "<group>"; };
		3ED1C53F28F0FA8100848DEE /* UIFont+Utils.swift */ = {isa = PBXFileReference; lastKnownFileType = sourcecode.swift; path = "UIFont+Utils.swift"; sourceTree = "<group>"; };
		3ED1C54128F0FB1E00848DEE /* Abel-Regular.ttf */ = {isa = PBXFileReference; lastKnownFileType = file; path = "Abel-Regular.ttf"; sourceTree = "<group>"; };
		3ED1C54728F373BE00848DEE /* RideTabBarViewController.swift */ = {isa = PBXFileReference; lastKnownFileType = sourcecode.swift; path = RideTabBarViewController.swift; sourceTree = "<group>"; };
		3F4FF2BE19453619729A6F41 /* Pods-Stravaganza.release.xcconfig */ = {isa = PBXFileReference; includeInIndex = 1; lastKnownFileType = text.xcconfig; name = "Pods-Stravaganza.release.xcconfig"; path = "Target Support Files/Pods-Stravaganza/Pods-Stravaganza.release.xcconfig"; sourceTree = "<group>"; };
		5FAA1932AF859C1E7560C274 /* Pods-StravaganzaTests.release.xcconfig */ = {isa = PBXFileReference; includeInIndex = 1; lastKnownFileType = text.xcconfig; name = "Pods-StravaganzaTests.release.xcconfig"; path = "Target Support Files/Pods-StravaganzaTests/Pods-StravaganzaTests.release.xcconfig"; sourceTree = "<group>"; };
		9EC3A80F5BEA7DF7BE4E2B8E /* Pods_Stravaganza.framework */ = {isa = PBXFileReference; explicitFileType = wrapper.framework; includeInIndex = 0; path = Pods_Stravaganza.framework; sourceTree = BUILT_PRODUCTS_DIR; };
		B59BF62C7B1C77DDAE9798DE /* Pods_Stravaganza_StravaganzaUITests.framework */ = {isa = PBXFileReference; explicitFileType = wrapper.framework; includeInIndex = 0; path = Pods_Stravaganza_StravaganzaUITests.framework; sourceTree = BUILT_PRODUCTS_DIR; };
		BE5B732880024D9A5BC01208 /* Pods-StravaganzaTests.debug.xcconfig */ = {isa = PBXFileReference; includeInIndex = 1; lastKnownFileType = text.xcconfig; name = "Pods-StravaganzaTests.debug.xcconfig"; path = "Target Support Files/Pods-StravaganzaTests/Pods-StravaganzaTests.debug.xcconfig"; sourceTree = "<group>"; };
		E89C9D997CA03C665C0B98A7 /* Pods-Stravaganza-StravaganzaUITests.release.xcconfig */ = {isa = PBXFileReference; includeInIndex = 1; lastKnownFileType = text.xcconfig; name = "Pods-Stravaganza-StravaganzaUITests.release.xcconfig"; path = "Target Support Files/Pods-Stravaganza-StravaganzaUITests/Pods-Stravaganza-StravaganzaUITests.release.xcconfig"; sourceTree = "<group>"; };
		EA3113BB6588C4EDD013D797 /* Pods-Stravaganza-StravaganzaUITests.debug.xcconfig */ = {isa = PBXFileReference; includeInIndex = 1; lastKnownFileType = text.xcconfig; name = "Pods-Stravaganza-StravaganzaUITests.debug.xcconfig"; path = "Target Support Files/Pods-Stravaganza-StravaganzaUITests/Pods-Stravaganza-StravaganzaUITests.debug.xcconfig"; sourceTree = "<group>"; };
/* End PBXFileReference section */

/* Begin PBXFrameworksBuildPhase section */
		3ECE81F228F0A51200DAE3E8 /* Frameworks */ = {
			isa = PBXFrameworksBuildPhase;
			buildActionMask = 2147483647;
			files = (
				12CA7968A129421D6DDD3DF3 /* Pods_Stravaganza.framework in Frameworks */,
			);
			runOnlyForDeploymentPostprocessing = 0;
		};
		3ECE820828F0A51400DAE3E8 /* Frameworks */ = {
			isa = PBXFrameworksBuildPhase;
			buildActionMask = 2147483647;
			files = (
				8F63A197529C91B93BA3083B /* Pods_StravaganzaTests.framework in Frameworks */,
			);
			runOnlyForDeploymentPostprocessing = 0;
		};
		3ECE821228F0A51400DAE3E8 /* Frameworks */ = {
			isa = PBXFrameworksBuildPhase;
			buildActionMask = 2147483647;
			files = (
				6F760BB463940C16D28002AF /* Pods_Stravaganza_StravaganzaUITests.framework in Frameworks */,
			);
			runOnlyForDeploymentPostprocessing = 0;
		};
/* End PBXFrameworksBuildPhase section */

/* Begin PBXGroup section */
		3E2CD73528F442BA005EF22C /* Progress */ = {
			isa = PBXGroup;
			children = (
				3E2CD73628F44332005EF22C /* ProgressTableViewController.swift */,
			);
			path = Progress;
			sourceTree = "<group>";
		};
		3ECE81EC28F0A51200DAE3E8 = {
			isa = PBXGroup;
			children = (
				3ECE81F728F0A51200DAE3E8 /* Stravaganza */,
				3ECE820E28F0A51400DAE3E8 /* StravaganzaTests */,
				3ECE81F628F0A51200DAE3E8 /* Products */,
				6B965DFD475073CF16ACDA64 /* Pods */,
				D93971D6D73785C17AB75826 /* Frameworks */,
			);
			sourceTree = "<group>";
		};
		3ECE81F628F0A51200DAE3E8 /* Products */ = {
			isa = PBXGroup;
			children = (
				3ECE81F528F0A51200DAE3E8 /* Stravaganza.app */,
				3ECE820B28F0A51400DAE3E8 /* StravaganzaTests.xctest */,
				3ECE821528F0A51400DAE3E8 /* StravaganzaUITests.xctest */,
			);
			name = Products;
			sourceTree = "<group>";
		};
		3ECE81F728F0A51200DAE3E8 /* Stravaganza */ = {
			isa = PBXGroup;
			children = (
				3ED1C54128F0FB1E00848DEE /* Abel-Regular.ttf */,
				3ED1C53E28F0FA6C00848DEE /* Helpers */,
				3ED1C53328F0E74500848DEE /* Onboarding */,
				3E2CD73528F442BA005EF22C /* Progress */,
				3ED1C54628F371C900848DEE /* Ride */,
				3ECE81F828F0A51200DAE3E8 /* AppDelegate.swift */,
				3ECE81FA28F0A51200DAE3E8 /* SceneDelegate.swift */,
				3ECE820128F0A51400DAE3E8 /* Assets.xcassets */,
				3ECE820328F0A51400DAE3E8 /* LaunchScreen.storyboard */,
				3ECE820628F0A51400DAE3E8 /* Info.plist */,
			);
			path = Stravaganza;
			sourceTree = "<group>";
		};
		3ECE820E28F0A51400DAE3E8 /* StravaganzaTests */ = {
			isa = PBXGroup;
			children = (
				3ECE820F28F0A51400DAE3E8 /* StravaganzaTests.swift */,
			);
			path = StravaganzaTests;
			sourceTree = "<group>";
		};
		3ED1C53328F0E74500848DEE /* Onboarding */ = {
			isa = PBXGroup;
			children = (
				3ECE822828F0AA5F00DAE3E8 /* OnboardingPageViewController.swift */,
				3ED1C53428F0E77A00848DEE /* OnboardingBaseViewController.swift */,
				3ED1C53628F0E87700848DEE /* OnboardingViewModel.swift */,
			);
			path = Onboarding;
			sourceTree = "<group>";
		};
		3ED1C53E28F0FA6C00848DEE /* Helpers */ = {
			isa = PBXGroup;
			children = (
				3ED1C53F28F0FA8100848DEE /* UIFont+Utils.swift */,
				3E2CD73E28F59EC3005EF22C /* UIColor+Utils.swift */,
			);
			path = Helpers;
			sourceTree = "<group>";
		};
		3ED1C54628F371C900848DEE /* Ride */ = {
			isa = PBXGroup;
			children = (
				3ED1C54728F373BE00848DEE /* RideTabBarViewController.swift */,
				3E2CD73828F443F0005EF22C /* RideBaseViewController.swift */,
				3E2CD73C28F5866C005EF22C /* RideTimerView.swift */,
			);
			path = Ride;
			sourceTree = "<group>";
		};
		6B965DFD475073CF16ACDA64 /* Pods */ = {
			isa = PBXGroup;
			children = (
				3629D7618D37A2019B9A4DEF /* Pods-Stravaganza.debug.xcconfig */,
				3F4FF2BE19453619729A6F41 /* Pods-Stravaganza.release.xcconfig */,
				EA3113BB6588C4EDD013D797 /* Pods-Stravaganza-StravaganzaUITests.debug.xcconfig */,
				E89C9D997CA03C665C0B98A7 /* Pods-Stravaganza-StravaganzaUITests.release.xcconfig */,
				BE5B732880024D9A5BC01208 /* Pods-StravaganzaTests.debug.xcconfig */,
				5FAA1932AF859C1E7560C274 /* Pods-StravaganzaTests.release.xcconfig */,
			);
			path = Pods;
			sourceTree = "<group>";
		};
		D93971D6D73785C17AB75826 /* Frameworks */ = {
			isa = PBXGroup;
			children = (
				9EC3A80F5BEA7DF7BE4E2B8E /* Pods_Stravaganza.framework */,
				B59BF62C7B1C77DDAE9798DE /* Pods_Stravaganza_StravaganzaUITests.framework */,
				2DE3F4763A77D34F638EBB8E /* Pods_StravaganzaTests.framework */,
			);
			name = Frameworks;
			sourceTree = "<group>";
		};
/* End PBXGroup section */

/* Begin PBXNativeTarget section */
		3ECE81F428F0A51200DAE3E8 /* Stravaganza */ = {
			isa = PBXNativeTarget;
			buildConfigurationList = 3ECE821F28F0A51400DAE3E8 /* Build configuration list for PBXNativeTarget "Stravaganza" */;
			buildPhases = (
				91869AA3F3653A6FB7077473 /* [CP] Check Pods Manifest.lock */,
				3ECE81F128F0A51200DAE3E8 /* Sources */,
				3ECE81F228F0A51200DAE3E8 /* Frameworks */,
				3ECE81F328F0A51200DAE3E8 /* Resources */,
				978530BC28F4606CE74C5A44 /* [CP] Copy Pods Resources */,
			);
			buildRules = (
			);
			dependencies = (
			);
			name = Stravaganza;
			productName = Stravaganza;
			productReference = 3ECE81F528F0A51200DAE3E8 /* Stravaganza.app */;
			productType = "com.apple.product-type.application";
		};
		3ECE820A28F0A51400DAE3E8 /* StravaganzaTests */ = {
			isa = PBXNativeTarget;
			buildConfigurationList = 3ECE822228F0A51400DAE3E8 /* Build configuration list for PBXNativeTarget "StravaganzaTests" */;
			buildPhases = (
				56A1784F94289995F9CB970A /* [CP] Check Pods Manifest.lock */,
				3ECE820728F0A51400DAE3E8 /* Sources */,
				3ECE820828F0A51400DAE3E8 /* Frameworks */,
				3ECE820928F0A51400DAE3E8 /* Resources */,
			);
			buildRules = (
			);
			dependencies = (
				3ECE820D28F0A51400DAE3E8 /* PBXTargetDependency */,
			);
			name = StravaganzaTests;
			productName = StravaganzaTests;
			productReference = 3ECE820B28F0A51400DAE3E8 /* StravaganzaTests.xctest */;
			productType = "com.apple.product-type.bundle.unit-test";
		};
		3ECE821428F0A51400DAE3E8 /* StravaganzaUITests */ = {
			isa = PBXNativeTarget;
			buildConfigurationList = 3ECE822528F0A51400DAE3E8 /* Build configuration list for PBXNativeTarget "StravaganzaUITests" */;
			buildPhases = (
				8B7D855AD0DA801D90976005 /* [CP] Check Pods Manifest.lock */,
				3ECE821128F0A51400DAE3E8 /* Sources */,
				3ECE821228F0A51400DAE3E8 /* Frameworks */,
				3ECE821328F0A51400DAE3E8 /* Resources */,
				8B3881E3669C56D486EE3414 /* [CP] Copy Pods Resources */,
			);
			buildRules = (
			);
			dependencies = (
				3ECE821728F0A51400DAE3E8 /* PBXTargetDependency */,
			);
			name = StravaganzaUITests;
			productName = StravaganzaUITests;
			productReference = 3ECE821528F0A51400DAE3E8 /* StravaganzaUITests.xctest */;
			productType = "com.apple.product-type.bundle.ui-testing";
		};
/* End PBXNativeTarget section */

/* Begin PBXProject section */
		3ECE81ED28F0A51200DAE3E8 /* Project object */ = {
			isa = PBXProject;
			attributes = {
				BuildIndependentTargetsInParallel = 1;
				LastSwiftUpdateCheck = 1320;
				LastUpgradeCheck = 1320;
				TargetAttributes = {
					3ECE81F428F0A51200DAE3E8 = {
						CreatedOnToolsVersion = 13.2.1;
					};
					3ECE820A28F0A51400DAE3E8 = {
						CreatedOnToolsVersion = 13.2.1;
						TestTargetID = 3ECE81F428F0A51200DAE3E8;
					};
					3ECE821428F0A51400DAE3E8 = {
						CreatedOnToolsVersion = 13.2.1;
						TestTargetID = 3ECE81F428F0A51200DAE3E8;
					};
				};
			};
			buildConfigurationList = 3ECE81F028F0A51200DAE3E8 /* Build configuration list for PBXProject "Stravaganza" */;
			compatibilityVersion = "Xcode 13.0";
			developmentRegion = en;
			hasScannedForEncodings = 0;
			knownRegions = (
				en,
				Base,
			);
			mainGroup = 3ECE81EC28F0A51200DAE3E8;
			productRefGroup = 3ECE81F628F0A51200DAE3E8 /* Products */;
			projectDirPath = "";
			projectRoot = "";
			targets = (
				3ECE81F428F0A51200DAE3E8 /* Stravaganza */,
				3ECE820A28F0A51400DAE3E8 /* StravaganzaTests */,
				3ECE821428F0A51400DAE3E8 /* StravaganzaUITests */,
			);
		};
/* End PBXProject section */

/* Begin PBXResourcesBuildPhase section */
		3ECE81F328F0A51200DAE3E8 /* Resources */ = {
			isa = PBXResourcesBuildPhase;
			buildActionMask = 2147483647;
			files = (
				3ED1C54228F0FB1E00848DEE /* Abel-Regular.ttf in Resources */,
				3ECE820528F0A51400DAE3E8 /* LaunchScreen.storyboard in Resources */,
				3ECE820228F0A51400DAE3E8 /* Assets.xcassets in Resources */,
			);
			runOnlyForDeploymentPostprocessing = 0;
		};
		3ECE820928F0A51400DAE3E8 /* Resources */ = {
			isa = PBXResourcesBuildPhase;
			buildActionMask = 2147483647;
			files = (
			);
			runOnlyForDeploymentPostprocessing = 0;
		};
		3ECE821328F0A51400DAE3E8 /* Resources */ = {
			isa = PBXResourcesBuildPhase;
			buildActionMask = 2147483647;
			files = (
			);
			runOnlyForDeploymentPostprocessing = 0;
		};
/* End PBXResourcesBuildPhase section */

/* Begin PBXShellScriptBuildPhase section */
		56A1784F94289995F9CB970A /* [CP] Check Pods Manifest.lock */ = {
			isa = PBXShellScriptBuildPhase;
			buildActionMask = 2147483647;
			files = (
			);
			inputFileListPaths = (
			);
			inputPaths = (
				"${PODS_PODFILE_DIR_PATH}/Podfile.lock",
				"${PODS_ROOT}/Manifest.lock",
			);
			name = "[CP] Check Pods Manifest.lock";
			outputFileListPaths = (
			);
			outputPaths = (
				"$(DERIVED_FILE_DIR)/Pods-StravaganzaTests-checkManifestLockResult.txt",
			);
			runOnlyForDeploymentPostprocessing = 0;
			shellPath = /bin/sh;
			shellScript = "diff \"${PODS_PODFILE_DIR_PATH}/Podfile.lock\" \"${PODS_ROOT}/Manifest.lock\" > /dev/null\nif [ $? != 0 ] ; then\n    # print error to STDERR\n    echo \"error: The sandbox is not in sync with the Podfile.lock. Run 'pod install' or update your CocoaPods installation.\" >&2\n    exit 1\nfi\n# This output is used by Xcode 'outputs' to avoid re-running this script phase.\necho \"SUCCESS\" > \"${SCRIPT_OUTPUT_FILE_0}\"\n";
			showEnvVarsInLog = 0;
		};
		8B3881E3669C56D486EE3414 /* [CP] Copy Pods Resources */ = {
			isa = PBXShellScriptBuildPhase;
			buildActionMask = 2147483647;
			files = (
			);
			inputFileListPaths = (
				"${PODS_ROOT}/Target Support Files/Pods-Stravaganza-StravaganzaUITests/Pods-Stravaganza-StravaganzaUITests-resources-${CONFIGURATION}-input-files.xcfilelist",
			);
			name = "[CP] Copy Pods Resources";
			outputFileListPaths = (
				"${PODS_ROOT}/Target Support Files/Pods-Stravaganza-StravaganzaUITests/Pods-Stravaganza-StravaganzaUITests-resources-${CONFIGURATION}-output-files.xcfilelist",
			);
			runOnlyForDeploymentPostprocessing = 0;
			shellPath = /bin/sh;
			shellScript = "\"${PODS_ROOT}/Target Support Files/Pods-Stravaganza-StravaganzaUITests/Pods-Stravaganza-StravaganzaUITests-resources.sh\"\n";
			showEnvVarsInLog = 0;
		};
		8B7D855AD0DA801D90976005 /* [CP] Check Pods Manifest.lock */ = {
			isa = PBXShellScriptBuildPhase;
			buildActionMask = 2147483647;
			files = (
			);
			inputFileListPaths = (
			);
			inputPaths = (
				"${PODS_PODFILE_DIR_PATH}/Podfile.lock",
				"${PODS_ROOT}/Manifest.lock",
			);
			name = "[CP] Check Pods Manifest.lock";
			outputFileListPaths = (
			);
			outputPaths = (
				"$(DERIVED_FILE_DIR)/Pods-Stravaganza-StravaganzaUITests-checkManifestLockResult.txt",
			);
			runOnlyForDeploymentPostprocessing = 0;
			shellPath = /bin/sh;
			shellScript = "diff \"${PODS_PODFILE_DIR_PATH}/Podfile.lock\" \"${PODS_ROOT}/Manifest.lock\" > /dev/null\nif [ $? != 0 ] ; then\n    # print error to STDERR\n    echo \"error: The sandbox is not in sync with the Podfile.lock. Run 'pod install' or update your CocoaPods installation.\" >&2\n    exit 1\nfi\n# This output is used by Xcode 'outputs' to avoid re-running this script phase.\necho \"SUCCESS\" > \"${SCRIPT_OUTPUT_FILE_0}\"\n";
			showEnvVarsInLog = 0;
		};
		91869AA3F3653A6FB7077473 /* [CP] Check Pods Manifest.lock */ = {
			isa = PBXShellScriptBuildPhase;
			buildActionMask = 2147483647;
			files = (
			);
			inputFileListPaths = (
			);
			inputPaths = (
				"${PODS_PODFILE_DIR_PATH}/Podfile.lock",
				"${PODS_ROOT}/Manifest.lock",
			);
			name = "[CP] Check Pods Manifest.lock";
			outputFileListPaths = (
			);
			outputPaths = (
				"$(DERIVED_FILE_DIR)/Pods-Stravaganza-checkManifestLockResult.txt",
			);
			runOnlyForDeploymentPostprocessing = 0;
			shellPath = /bin/sh;
			shellScript = "diff \"${PODS_PODFILE_DIR_PATH}/Podfile.lock\" \"${PODS_ROOT}/Manifest.lock\" > /dev/null\nif [ $? != 0 ] ; then\n    # print error to STDERR\n    echo \"error: The sandbox is not in sync with the Podfile.lock. Run 'pod install' or update your CocoaPods installation.\" >&2\n    exit 1\nfi\n# This output is used by Xcode 'outputs' to avoid re-running this script phase.\necho \"SUCCESS\" > \"${SCRIPT_OUTPUT_FILE_0}\"\n";
			showEnvVarsInLog = 0;
		};
		978530BC28F4606CE74C5A44 /* [CP] Copy Pods Resources */ = {
			isa = PBXShellScriptBuildPhase;
			buildActionMask = 2147483647;
			files = (
			);
			inputFileListPaths = (
				"${PODS_ROOT}/Target Support Files/Pods-Stravaganza/Pods-Stravaganza-resources-${CONFIGURATION}-input-files.xcfilelist",
			);
			name = "[CP] Copy Pods Resources";
			outputFileListPaths = (
				"${PODS_ROOT}/Target Support Files/Pods-Stravaganza/Pods-Stravaganza-resources-${CONFIGURATION}-output-files.xcfilelist",
			);
			runOnlyForDeploymentPostprocessing = 0;
			shellPath = /bin/sh;
			shellScript = "\"${PODS_ROOT}/Target Support Files/Pods-Stravaganza/Pods-Stravaganza-resources.sh\"\n";
			showEnvVarsInLog = 0;
		};
/* End PBXShellScriptBuildPhase section */

/* Begin PBXSourcesBuildPhase section */
		3ECE81F128F0A51200DAE3E8 /* Sources */ = {
			isa = PBXSourcesBuildPhase;
			buildActionMask = 2147483647;
			files = (
				3E2CD73728F44332005EF22C /* ProgressTableViewController.swift in Sources */,
				3E2CD73928F443F0005EF22C /* RideBaseViewController.swift in Sources */,
				3ED1C54028F0FA8100848DEE /* UIFont+Utils.swift in Sources */,
				3ED1C53728F0E87700848DEE /* OnboardingViewModel.swift in Sources */,
				3ECE81F928F0A51200DAE3E8 /* AppDelegate.swift in Sources */,
				3E2CD73D28F5866C005EF22C /* RideTimerView.swift in Sources */,
				3E2CD73F28F59EC3005EF22C /* UIColor+Utils.swift in Sources */,
				3ECE822928F0AA5F00DAE3E8 /* OnboardingPageViewController.swift in Sources */,
				3ED1C53528F0E77A00848DEE /* OnboardingBaseViewController.swift in Sources */,
				3ECE81FB28F0A51200DAE3E8 /* SceneDelegate.swift in Sources */,
				3ED1C54828F373BE00848DEE /* RideTabBarViewController.swift in Sources */,
			);
			runOnlyForDeploymentPostprocessing = 0;
		};
		3ECE820728F0A51400DAE3E8 /* Sources */ = {
			isa = PBXSourcesBuildPhase;
			buildActionMask = 2147483647;
			files = (
				3ECE821028F0A51400DAE3E8 /* StravaganzaTests.swift in Sources */,
			);
			runOnlyForDeploymentPostprocessing = 0;
		};
		3ECE821128F0A51400DAE3E8 /* Sources */ = {
			isa = PBXSourcesBuildPhase;
			buildActionMask = 2147483647;
			files = (
			);
			runOnlyForDeploymentPostprocessing = 0;
		};
/* End PBXSourcesBuildPhase section */

/* Begin PBXTargetDependency section */
		3ECE820D28F0A51400DAE3E8 /* PBXTargetDependency */ = {
			isa = PBXTargetDependency;
			target = 3ECE81F428F0A51200DAE3E8 /* Stravaganza */;
			targetProxy = 3ECE820C28F0A51400DAE3E8 /* PBXContainerItemProxy */;
		};
		3ECE821728F0A51400DAE3E8 /* PBXTargetDependency */ = {
			isa = PBXTargetDependency;
			target = 3ECE81F428F0A51200DAE3E8 /* Stravaganza */;
			targetProxy = 3ECE821628F0A51400DAE3E8 /* PBXContainerItemProxy */;
		};
/* End PBXTargetDependency section */

/* Begin PBXVariantGroup section */
		3ECE820328F0A51400DAE3E8 /* LaunchScreen.storyboard */ = {
			isa = PBXVariantGroup;
			children = (
				3ECE820428F0A51400DAE3E8 /* Base */,
			);
			name = LaunchScreen.storyboard;
			sourceTree = "<group>";
		};
/* End PBXVariantGroup section */

/* Begin XCBuildConfiguration section */
		3ECE821D28F0A51400DAE3E8 /* Debug */ = {
			isa = XCBuildConfiguration;
			buildSettings = {
				ALWAYS_SEARCH_USER_PATHS = NO;
				CLANG_ANALYZER_NONNULL = YES;
				CLANG_ANALYZER_NUMBER_OBJECT_CONVERSION = YES_AGGRESSIVE;
				CLANG_CXX_LANGUAGE_STANDARD = "gnu++17";
				CLANG_CXX_LIBRARY = "libc++";
				CLANG_ENABLE_MODULES = YES;
				CLANG_ENABLE_OBJC_ARC = YES;
				CLANG_ENABLE_OBJC_WEAK = YES;
				CLANG_WARN_BLOCK_CAPTURE_AUTORELEASING = YES;
				CLANG_WARN_BOOL_CONVERSION = YES;
				CLANG_WARN_COMMA = YES;
				CLANG_WARN_CONSTANT_CONVERSION = YES;
				CLANG_WARN_DEPRECATED_OBJC_IMPLEMENTATIONS = YES;
				CLANG_WARN_DIRECT_OBJC_ISA_USAGE = YES_ERROR;
				CLANG_WARN_DOCUMENTATION_COMMENTS = YES;
				CLANG_WARN_EMPTY_BODY = YES;
				CLANG_WARN_ENUM_CONVERSION = YES;
				CLANG_WARN_INFINITE_RECURSION = YES;
				CLANG_WARN_INT_CONVERSION = YES;
				CLANG_WARN_NON_LITERAL_NULL_CONVERSION = YES;
				CLANG_WARN_OBJC_IMPLICIT_RETAIN_SELF = YES;
				CLANG_WARN_OBJC_LITERAL_CONVERSION = YES;
				CLANG_WARN_OBJC_ROOT_CLASS = YES_ERROR;
				CLANG_WARN_QUOTED_INCLUDE_IN_FRAMEWORK_HEADER = YES;
				CLANG_WARN_RANGE_LOOP_ANALYSIS = YES;
				CLANG_WARN_STRICT_PROTOTYPES = YES;
				CLANG_WARN_SUSPICIOUS_MOVE = YES;
				CLANG_WARN_UNGUARDED_AVAILABILITY = YES_AGGRESSIVE;
				CLANG_WARN_UNREACHABLE_CODE = YES;
				CLANG_WARN__DUPLICATE_METHOD_MATCH = YES;
				COPY_PHASE_STRIP = NO;
				DEBUG_INFORMATION_FORMAT = dwarf;
				ENABLE_STRICT_OBJC_MSGSEND = YES;
				ENABLE_TESTABILITY = YES;
				GCC_C_LANGUAGE_STANDARD = gnu11;
				GCC_DYNAMIC_NO_PIC = NO;
				GCC_NO_COMMON_BLOCKS = YES;
				GCC_OPTIMIZATION_LEVEL = 0;
				GCC_PREPROCESSOR_DEFINITIONS = (
					"DEBUG=1",
					"$(inherited)",
				);
				GCC_WARN_64_TO_32_BIT_CONVERSION = YES;
				GCC_WARN_ABOUT_RETURN_TYPE = YES_ERROR;
				GCC_WARN_UNDECLARED_SELECTOR = YES;
				GCC_WARN_UNINITIALIZED_AUTOS = YES_AGGRESSIVE;
				GCC_WARN_UNUSED_FUNCTION = YES;
				GCC_WARN_UNUSED_VARIABLE = YES;
				IPHONEOS_DEPLOYMENT_TARGET = 15.2;
				MTL_ENABLE_DEBUG_INFO = INCLUDE_SOURCE;
				MTL_FAST_MATH = YES;
				ONLY_ACTIVE_ARCH = YES;
				SDKROOT = iphoneos;
				SWIFT_ACTIVE_COMPILATION_CONDITIONS = DEBUG;
				SWIFT_OPTIMIZATION_LEVEL = "-Onone";
			};
			name = Debug;
		};
		3ECE821E28F0A51400DAE3E8 /* Release */ = {
			isa = XCBuildConfiguration;
			buildSettings = {
				ALWAYS_SEARCH_USER_PATHS = NO;
				CLANG_ANALYZER_NONNULL = YES;
				CLANG_ANALYZER_NUMBER_OBJECT_CONVERSION = YES_AGGRESSIVE;
				CLANG_CXX_LANGUAGE_STANDARD = "gnu++17";
				CLANG_CXX_LIBRARY = "libc++";
				CLANG_ENABLE_MODULES = YES;
				CLANG_ENABLE_OBJC_ARC = YES;
				CLANG_ENABLE_OBJC_WEAK = YES;
				CLANG_WARN_BLOCK_CAPTURE_AUTORELEASING = YES;
				CLANG_WARN_BOOL_CONVERSION = YES;
				CLANG_WARN_COMMA = YES;
				CLANG_WARN_CONSTANT_CONVERSION = YES;
				CLANG_WARN_DEPRECATED_OBJC_IMPLEMENTATIONS = YES;
				CLANG_WARN_DIRECT_OBJC_ISA_USAGE = YES_ERROR;
				CLANG_WARN_DOCUMENTATION_COMMENTS = YES;
				CLANG_WARN_EMPTY_BODY = YES;
				CLANG_WARN_ENUM_CONVERSION = YES;
				CLANG_WARN_INFINITE_RECURSION = YES;
				CLANG_WARN_INT_CONVERSION = YES;
				CLANG_WARN_NON_LITERAL_NULL_CONVERSION = YES;
				CLANG_WARN_OBJC_IMPLICIT_RETAIN_SELF = YES;
				CLANG_WARN_OBJC_LITERAL_CONVERSION = YES;
				CLANG_WARN_OBJC_ROOT_CLASS = YES_ERROR;
				CLANG_WARN_QUOTED_INCLUDE_IN_FRAMEWORK_HEADER = YES;
				CLANG_WARN_RANGE_LOOP_ANALYSIS = YES;
				CLANG_WARN_STRICT_PROTOTYPES = YES;
				CLANG_WARN_SUSPICIOUS_MOVE = YES;
				CLANG_WARN_UNGUARDED_AVAILABILITY = YES_AGGRESSIVE;
				CLANG_WARN_UNREACHABLE_CODE = YES;
				CLANG_WARN__DUPLICATE_METHOD_MATCH = YES;
				COPY_PHASE_STRIP = NO;
				DEBUG_INFORMATION_FORMAT = "dwarf-with-dsym";
				ENABLE_NS_ASSERTIONS = NO;
				ENABLE_STRICT_OBJC_MSGSEND = YES;
				GCC_C_LANGUAGE_STANDARD = gnu11;
				GCC_NO_COMMON_BLOCKS = YES;
				GCC_WARN_64_TO_32_BIT_CONVERSION = YES;
				GCC_WARN_ABOUT_RETURN_TYPE = YES_ERROR;
				GCC_WARN_UNDECLARED_SELECTOR = YES;
				GCC_WARN_UNINITIALIZED_AUTOS = YES_AGGRESSIVE;
				GCC_WARN_UNUSED_FUNCTION = YES;
				GCC_WARN_UNUSED_VARIABLE = YES;
				IPHONEOS_DEPLOYMENT_TARGET = 15.2;
				MTL_ENABLE_DEBUG_INFO = NO;
				MTL_FAST_MATH = YES;
				SDKROOT = iphoneos;
				SWIFT_COMPILATION_MODE = wholemodule;
				SWIFT_OPTIMIZATION_LEVEL = "-O";
				VALIDATE_PRODUCT = YES;
			};
			name = Release;
		};
		3ECE822028F0A51400DAE3E8 /* Debug */ = {
			isa = XCBuildConfiguration;
			baseConfigurationReference = 3629D7618D37A2019B9A4DEF /* Pods-Stravaganza.debug.xcconfig */;
			buildSettings = {
				ASSETCATALOG_COMPILER_APPICON_NAME = AppIcon;
				ASSETCATALOG_COMPILER_GLOBAL_ACCENT_COLOR_NAME = AccentColor;
				CODE_SIGN_STYLE = Automatic;
				CURRENT_PROJECT_VERSION = 1;
				DEVELOPMENT_TEAM = 7GDQMS6M7L;
				GENERATE_INFOPLIST_FILE = YES;
				INFOPLIST_FILE = Stravaganza/Info.plist;
				INFOPLIST_KEY_NSLocationAlwaysAndWhenInUseUsageDescription = "By accessing your location, we can start the ride!";
				INFOPLIST_KEY_UIApplicationSupportsIndirectInputEvents = YES;
				INFOPLIST_KEY_UILaunchStoryboardName = LaunchScreen;
				INFOPLIST_KEY_UISupportedInterfaceOrientations_iPad = "UIInterfaceOrientationPortrait UIInterfaceOrientationPortraitUpsideDown UIInterfaceOrientationLandscapeLeft UIInterfaceOrientationLandscapeRight";
				INFOPLIST_KEY_UISupportedInterfaceOrientations_iPhone = "UIInterfaceOrientationPortrait UIInterfaceOrientationLandscapeLeft UIInterfaceOrientationLandscapeRight";
				LD_RUNPATH_SEARCH_PATHS = (
					"$(inherited)",
					"@executable_path/Frameworks",
				);
				MARKETING_VERSION = 1.0;
				PRODUCT_BUNDLE_IDENTIFIER = mfvarani.Stravaganza;
				PRODUCT_NAME = "$(TARGET_NAME)";
				SWIFT_EMIT_LOC_STRINGS = YES;
				SWIFT_VERSION = 5.0;
				TARGETED_DEVICE_FAMILY = "1,2";
			};
			name = Debug;
		};
		3ECE822128F0A51400DAE3E8 /* Release */ = {
			isa = XCBuildConfiguration;
			baseConfigurationReference = 3F4FF2BE19453619729A6F41 /* Pods-Stravaganza.release.xcconfig */;
			buildSettings = {
				ASSETCATALOG_COMPILER_APPICON_NAME = AppIcon;
				ASSETCATALOG_COMPILER_GLOBAL_ACCENT_COLOR_NAME = AccentColor;
				CODE_SIGN_STYLE = Automatic;
				CURRENT_PROJECT_VERSION = 1;
				DEVELOPMENT_TEAM = 7GDQMS6M7L;
				GENERATE_INFOPLIST_FILE = YES;
				INFOPLIST_FILE = Stravaganza/Info.plist;
				INFOPLIST_KEY_NSLocationAlwaysAndWhenInUseUsageDescription = "By accessing your location, we can start the ride!";
				INFOPLIST_KEY_UIApplicationSupportsIndirectInputEvents = YES;
				INFOPLIST_KEY_UILaunchStoryboardName = LaunchScreen;
				INFOPLIST_KEY_UISupportedInterfaceOrientations_iPad = "UIInterfaceOrientationPortrait UIInterfaceOrientationPortraitUpsideDown UIInterfaceOrientationLandscapeLeft UIInterfaceOrientationLandscapeRight";
				INFOPLIST_KEY_UISupportedInterfaceOrientations_iPhone = "UIInterfaceOrientationPortrait UIInterfaceOrientationLandscapeLeft UIInterfaceOrientationLandscapeRight";
				LD_RUNPATH_SEARCH_PATHS = (
					"$(inherited)",
					"@executable_path/Frameworks",
				);
				MARKETING_VERSION = 1.0;
				PRODUCT_BUNDLE_IDENTIFIER = mfvarani.Stravaganza;
				PRODUCT_NAME = "$(TARGET_NAME)";
				SWIFT_EMIT_LOC_STRINGS = YES;
				SWIFT_VERSION = 5.0;
				TARGETED_DEVICE_FAMILY = "1,2";
			};
			name = Release;
		};
		3ECE822328F0A51400DAE3E8 /* Debug */ = {
			isa = XCBuildConfiguration;
			baseConfigurationReference = BE5B732880024D9A5BC01208 /* Pods-StravaganzaTests.debug.xcconfig */;
			buildSettings = {
				ALWAYS_EMBED_SWIFT_STANDARD_LIBRARIES = YES;
				BUNDLE_LOADER = "$(TEST_HOST)";
				CODE_SIGN_STYLE = Automatic;
				CURRENT_PROJECT_VERSION = 1;
				DEVELOPMENT_TEAM = 7GDQMS6M7L;
				GENERATE_INFOPLIST_FILE = YES;
				IPHONEOS_DEPLOYMENT_TARGET = 15.2;
				MARKETING_VERSION = 1.0;
				PRODUCT_BUNDLE_IDENTIFIER = mfvarani.StravaganzaTests;
				PRODUCT_NAME = "$(TARGET_NAME)";
				SWIFT_EMIT_LOC_STRINGS = NO;
				SWIFT_VERSION = 5.0;
				TARGETED_DEVICE_FAMILY = "1,2";
				TEST_HOST = "$(BUILT_PRODUCTS_DIR)/Stravaganza.app/Stravaganza";
			};
			name = Debug;
		};
		3ECE822428F0A51400DAE3E8 /* Release */ = {
			isa = XCBuildConfiguration;
			baseConfigurationReference = 5FAA1932AF859C1E7560C274 /* Pods-StravaganzaTests.release.xcconfig */;
			buildSettings = {
				ALWAYS_EMBED_SWIFT_STANDARD_LIBRARIES = YES;
				BUNDLE_LOADER = "$(TEST_HOST)";
				CODE_SIGN_STYLE = Automatic;
				CURRENT_PROJECT_VERSION = 1;
				DEVELOPMENT_TEAM = 7GDQMS6M7L;
				GENERATE_INFOPLIST_FILE = YES;
				IPHONEOS_DEPLOYMENT_TARGET = 15.2;
				MARKETING_VERSION = 1.0;
				PRODUCT_BUNDLE_IDENTIFIER = mfvarani.StravaganzaTests;
				PRODUCT_NAME = "$(TARGET_NAME)";
				SWIFT_EMIT_LOC_STRINGS = NO;
				SWIFT_VERSION = 5.0;
				TARGETED_DEVICE_FAMILY = "1,2";
				TEST_HOST = "$(BUILT_PRODUCTS_DIR)/Stravaganza.app/Stravaganza";
			};
			name = Release;
		};
		3ECE822628F0A51400DAE3E8 /* Debug */ = {
			isa = XCBuildConfiguration;
			baseConfigurationReference = EA3113BB6588C4EDD013D797 /* Pods-Stravaganza-StravaganzaUITests.debug.xcconfig */;
			buildSettings = {
				ALWAYS_EMBED_SWIFT_STANDARD_LIBRARIES = YES;
				CODE_SIGN_STYLE = Automatic;
				CURRENT_PROJECT_VERSION = 1;
				DEVELOPMENT_TEAM = 7GDQMS6M7L;
				GENERATE_INFOPLIST_FILE = YES;
				MARKETING_VERSION = 1.0;
				PRODUCT_BUNDLE_IDENTIFIER = mfvarani.StravaganzaUITests;
				PRODUCT_NAME = "$(TARGET_NAME)";
				SWIFT_EMIT_LOC_STRINGS = NO;
				SWIFT_VERSION = 5.0;
				TARGETED_DEVICE_FAMILY = "1,2";
				TEST_TARGET_NAME = Stravaganza;
			};
			name = Debug;
		};
		3ECE822728F0A51400DAE3E8 /* Release */ = {
			isa = XCBuildConfiguration;
			baseConfigurationReference = E89C9D997CA03C665C0B98A7 /* Pods-Stravaganza-StravaganzaUITests.release.xcconfig */;
			buildSettings = {
				ALWAYS_EMBED_SWIFT_STANDARD_LIBRARIES = YES;
				CODE_SIGN_STYLE = Automatic;
				CURRENT_PROJECT_VERSION = 1;
				DEVELOPMENT_TEAM = 7GDQMS6M7L;
				GENERATE_INFOPLIST_FILE = YES;
				MARKETING_VERSION = 1.0;
				PRODUCT_BUNDLE_IDENTIFIER = mfvarani.StravaganzaUITests;
				PRODUCT_NAME = "$(TARGET_NAME)";
				SWIFT_EMIT_LOC_STRINGS = NO;
				SWIFT_VERSION = 5.0;
				TARGETED_DEVICE_FAMILY = "1,2";
				TEST_TARGET_NAME = Stravaganza;
			};
			name = Release;
		};
/* End XCBuildConfiguration section */

/* Begin XCConfigurationList section */
		3ECE81F028F0A51200DAE3E8 /* Build configuration list for PBXProject "Stravaganza" */ = {
			isa = XCConfigurationList;
			buildConfigurations = (
				3ECE821D28F0A51400DAE3E8 /* Debug */,
				3ECE821E28F0A51400DAE3E8 /* Release */,
			);
			defaultConfigurationIsVisible = 0;
			defaultConfigurationName = Release;
		};
		3ECE821F28F0A51400DAE3E8 /* Build configuration list for PBXNativeTarget "Stravaganza" */ = {
			isa = XCConfigurationList;
			buildConfigurations = (
				3ECE822028F0A51400DAE3E8 /* Debug */,
				3ECE822128F0A51400DAE3E8 /* Release */,
			);
			defaultConfigurationIsVisible = 0;
			defaultConfigurationName = Release;
		};
		3ECE822228F0A51400DAE3E8 /* Build configuration list for PBXNativeTarget "StravaganzaTests" */ = {
			isa = XCConfigurationList;
			buildConfigurations = (
				3ECE822328F0A51400DAE3E8 /* Debug */,
				3ECE822428F0A51400DAE3E8 /* Release */,
			);
			defaultConfigurationIsVisible = 0;
			defaultConfigurationName = Release;
		};
		3ECE822528F0A51400DAE3E8 /* Build configuration list for PBXNativeTarget "StravaganzaUITests" */ = {
			isa = XCConfigurationList;
			buildConfigurations = (
				3ECE822628F0A51400DAE3E8 /* Debug */,
				3ECE822728F0A51400DAE3E8 /* Release */,
			);
			defaultConfigurationIsVisible = 0;
			defaultConfigurationName = Release;
		};
/* End XCConfigurationList section */
	};
	rootObject = 3ECE81ED28F0A51200DAE3E8 /* Project object */;
}
